
Microsoft Visual Studio Solution File, Format Version 12.00
# Visual Studio Version 17
VisualStudioVersion = 17.4.33205.214
MinimumVisualStudioVersion = 10.0.40219.1
Project("{FAE04EC0-301F-11D3-BF4B-00C04F79EFBC}") = "RmlComExample", "RmlComExample\RmlComExample.csproj", "{989A0148-1EAC-44EC-BF7D-82C94E6DD861}"
EndProject
Global
	GlobalSection(SolutionConfigurationPlatforms) = preSolution
		Debug|Any CPU = Debug|Any CPU
		Debug|x64 = Debug|x64
		Debug|x86 = Debug|x86
		Release|Any CPU = Release|Any CPU
		Release|x64 = Release|x64
		Release|x86 = Release|x86
	EndGlobalSection
	GlobalSection(ProjectConfigurationPlatforms) = postSolution
		{989A0148-1EAC-44EC-BF7D-82C94E6DD861}.Debug|Any CPU.ActiveCfg = Debug|Any CPU
		{989A0148-1EAC-44EC-BF7D-82C94E6DD861}.Debug|Any CPU.Build.0 = Debug|Any CPU
		{989A0148-1EAC-44EC-BF7D-82C94E6DD861}.Debug|x64.ActiveCfg = Debug|x64
		{989A0148-1EAC-44EC-BF7D-82C94E6DD861}.Debug|x64.Build.0 = Debug|x64
		{989A0148-1EAC-44EC-BF7D-82C94E6DD861}.Debug|x86.ActiveCfg = Debug|x86
		{989A0148-1EAC-44EC-BF7D-82C94E6DD861}.Debug|x86.Build.0 = Debug|x86
		{989A0148-1EAC-44EC-BF7D-82C94E6DD861}.Release|Any CPU.ActiveCfg = Release|Any CPU
		{989A0148-1EAC-44EC-BF7D-82C94E6DD861}.Release|Any CPU.Build.0 = Release|Any CPU
		{989A0148-1EAC-44EC-BF7D-82C94E6DD861}.Release|x64.ActiveCfg = Release|x64
		{989A0148-1EAC-44EC-BF7D-82C94E6DD861}.Release|x64.Build.0 = Release|x64
		{989A0148-1EAC-44EC-BF7D-82C94E6DD861}.Release|x86.ActiveCfg = Release|x86
		{989A0148-1EAC-44EC-BF7D-82C94E6DD861}.Release|x86.Build.0 = Release|x86
	EndGlobalSection
	GlobalSection(SolutionProperties) = preSolution
		HideSolutionNode = FALSE
	EndGlobalSection
	GlobalSection(ExtensibilityGlobals) = postSolution
		SolutionGuid = {3FAD7696-3E19-4898-94DF-351BEA518C74}
	EndGlobalSection
EndGlobal
